# This file is automatically @generated by Poetry 2.2.1 and should not be changed by hand.

[[package]]
name = "faker"
version = "40.1.0"
description = "Faker is a Python package that generates fake data for you."
optional = false
python-versions = ">=3.10"
groups = ["main"]
files = [
    {file = "faker-40.1.0-py3-none-any.whl", hash = "sha256:a616d35818e2a2387c297de80e2288083bc915e24b7e39d2fb5bc66cce3a929f"},
    {file = "faker-40.1.0.tar.gz", hash = "sha256:c402212a981a8a28615fea9120d789e3f6062c0c259a82bfb8dff5d273e539d2"},
]

[package.dependencies]
tzdata = "*"

[[package]]
name = "faker-commerce"
version = "1.0.4"
description = "Provider for Faker which adds fake commerce product names, prices, categories and descriptions."
optional = false
python-versions = "*"
groups = ["main"]
files = [
    {file = "faker-commerce-1.0.4.tar.gz", hash = "sha256:f53da04143ab70754493fa97c0c64f5208c8f8f3c50273516ee3cafcea372953"},
    {file = "faker_commerce-1.0.4-py3-none-any.whl", hash = "sha256:6780fe30801aac399a64d421cd85c4593f7cd54d838cb400e8d31e463722622c"},
]

[package.dependencies]
faker = "*"

[[package]]
name = "psycopg2"
version = "2.9.11"
description = "psycopg2 - Python-PostgreSQL Database Adapter"
optional = false
python-versions = ">=3.9"
groups = ["main"]
files = [
    {file = "psycopg2-2.9.11-cp310-cp310-win_amd64.whl", hash = "sha256:103e857f46bb76908768ead4e2d0ba1d1a130e7b8ed77d3ae91e8b33481813e8"},
    {file = "psycopg2-2.9.11-cp311-cp311-win_amd64.whl", hash = "sha256:210daed32e18f35e3140a1ebe059ac29209dd96468f2f7559aa59f75ee82a5cb"},
    {file = "psycopg2-2.9.11-cp312-cp312-win_amd64.whl", hash = "sha256:e03e4a6dbe87ff81540b434f2e5dc2bddad10296db5eea7bdc995bf5f4162938"},
    {file = "psycopg2-2.9.11-cp313-cp313-win_amd64.whl", hash = "sha256:8dc379166b5b7d5ea66dcebf433011dfc51a7bb8a5fc12367fa05668e5fc53c8"},
    {file = "psycopg2-2.9.11-cp314-cp314-win_amd64.whl", hash = "sha256:f10a48acba5fe6e312b891f290b4d2ca595fc9a06850fe53320beac353575578"},
    {file = "psycopg2-2.9.11-cp39-cp39-win_amd64.whl", hash = "sha256:6ecddcf573777536bddfefaea8079ce959287798c8f5804bee6933635d538924"},
    {file = "psycopg2-2.9.11.tar.gz", hash = "sha256:964d31caf728e217c697ff77ea69c2ba0865fa41ec20bb00f0977e62fdcc52e3"},
]

[[package]]
name = "tzdata"
version = "2025.3"
description = "Provider of IANA time zone data"
optional = false
python-versions = ">=2"
groups = ["main"]
files = [
    {file = "tzdata-2025.3-py2.py3-none-any.whl", hash = "sha256:06a47e5700f3081aab02b2e513160914ff0694bce9947d6b76ebd6bf57cfc5d1"},
    {file = "tzdata-2025.3.tar.gz", hash = "sha256:de39c2ca5dc7b0344f2eba86f49d614019d29f060fc4ebc8a417896a620b56a7"},
]

[metadata]
lock-version = "2.1"
python-versions = ">=3.14"
content-hash = "e2c8cb0803c85e4dbcaa50857ac03006f4b9d438bea49401d45fa836ddf235db"
